// !$*UTF8*$!
{
	archiveVersion = 1;
	classes = {
	};
	objectVersion = 77;
	objects = {

/* Begin PBXBuildFile section */
		D02962402E117A35005827CC /* .gitignore in Resources */ = {isa = PBXBuildFile; fileRef = D029623F2E117A31005827CC /* .gitignore */; };
/* End PBXBuildFile section */

/* Begin PBXContainerItemProxy section */
		D0E3E75B2E0CB2F1007E7A65 /* PBXContainerItemProxy */ = {
			isa = PBXContainerItemProxy;
			containerPortal = D0E3E7452E0CB2E7007E7A65 /* Project object */;
			proxyType = 1;
			remoteGlobalIDString = D0E3E74C2E0CB2E7007E7A65;
			remoteInfo = Far;
		};
		D0E3E7652E0CB2F1007E7A65 /* PBXContainerItemProxy */ = {
			isa = PBXContainerItemProxy;
			containerPortal = D0E3E7452E0CB2E7007E7A65 /* Project object */;
			proxyType = 1;
			remoteGlobalIDString = D0E3E74C2E0CB2E7007E7A65;
			remoteInfo = Far;
		};
/* End PBXContainerItemProxy section */

/* Begin PBXFileReference section */
		D029623F2E117A31005827CC /* .gitignore */ = {isa = PBXFileReference; lastKnownFileType = text; path = .gitignore; sourceTree = "<group>"; };
		D0E3E74D2E0CB2E7007E7A65 /* Far.app */ = {isa = PBXFileReference; explicitFileType = wrapper.application; includeInIndex = 0; path = Far.app; sourceTree = BUILT_PRODUCTS_DIR; };
		D0E3E75A2E0CB2F1007E7A65 /* FarTests.xctest */ = {isa = PBXFileReference; explicitFileType = wrapper.cfbundle; includeInIndex = 0; path = FarTests.xctest; sourceTree = BUILT_PRODUCTS_DIR; };
		D0E3E7642E0CB2F1007E7A65 /* FarUITests.xctest */ = {isa = PBXFileReference; explicitFileType = wrapper.cfbundle; includeInIndex = 0; path = FarUITests.xctest; sourceTree = BUILT_PRODUCTS_DIR; };
/* End PBXFileReference section */

/* Begin PBXFileSystemSynchronizedBuildFileExceptionSet section */
		D0E3E7AB2E0CBDAE007E7A65 /* Exceptions for "Far" folder in "Far" target */ = {
			isa = PBXFileSystemSynchronizedBuildFileExceptionSet;
			membershipExceptions = (
				Info.plist,
			);
			target = D0E3E74C2E0CB2E7007E7A65 /* Far */;
		};
/* End PBXFileSystemSynchronizedBuildFileExceptionSet section */

/* Begin PBXFileSystemSynchronizedRootGroup section */
		D0E3E74F2E0CB2E7007E7A65 /* Far */ = {
			isa = PBXFileSystemSynchronizedRootGroup;
			exceptions = (
				D0E3E7AB2E0CBDAE007E7A65 /* Exceptions for "Far" folder in "Far" target */,
			);
			path = Far;
			sourceTree = "<group>";
		};
		D0E3E75D2E0CB2F1007E7A65 /* FarTests */ = {
			isa = PBXFileSystemSynchronizedRootGroup;
			path = FarTests;
			sourceTree = "<group>";
		};
		D0E3E7672E0CB2F1007E7A65 /* FarUITests */ = {
			isa = PBXFileSystemSynchronizedRootGroup;
			path = FarUITests;
			sourceTree = "<group>";
		};
/* End PBXFileSystemSynchronizedRootGroup section */

/* Begin PBXFrameworksBuildPhase section */
		D0E3E74A2E0CB2E7007E7A65 /* Frameworks */ = {
			isa = PBXFrameworksBuildPhase;
			buildActionMask = 2147483647;
			files = (
			);
			runOnlyForDeploymentPostprocessing = 0;
		};
		D0E3E7572E0CB2F1007E7A65 /* Frameworks */ = {
			isa = PBXFrameworksBuildPhase;
			buildActionMask = 2147483647;
			files = (
			);
			runOnlyForDeploymentPostprocessing = 0;
		};
		D0E3E7612E0CB2F1007E7A65 /* Frameworks */ = {
			isa = PBXFrameworksBuildPhase;
			buildActionMask = 2147483647;
			files = (
			);
			runOnlyForDeploymentPostprocessing = 0;
		};
/* End PBXFrameworksBuildPhase section */

/* Begin PBXGroup section */
		D0E3E7442E0CB2E7007E7A65 = {
			isa = PBXGroup;
			children = (
				D029623F2E117A31005827CC /* .gitignore */,
				D0E3E74F2E0CB2E7007E7A65 /* Far */,
				D0E3E75D2E0CB2F1007E7A65 /* FarTests */,
				D0E3E7672E0CB2F1007E7A65 /* FarUITests */,
				D0E3E74E2E0CB2E7007E7A65 /* Products */,
			);
			sourceTree = "<group>";
		};
		D0E3E74E2E0CB2E7007E7A65 /* Products */ = {
			isa = PBXGroup;
			children = (
				D0E3E74D2E0CB2E7007E7A65 /* Far.app */,
				D0E3E75A2E0CB2F1007E7A65 /* FarTests.xctest */,
				D0E3E7642E0CB2F1007E7A65 /* FarUITests.xctest */,
			);
			name = Products;
			sourceTree = "<group>";
		};
/* End PBXGroup section */

/* Begin PBXNativeTarget section */
		D0E3E74C2E0CB2E7007E7A65 /* Far */ = {
			isa = PBXNativeTarget;
			buildConfigurationList = D0E3E76E2E0CB2F1007E7A65 /* Build configuration list for PBXNativeTarget "Far" */;
			buildPhases = (
				D0E3E7492E0CB2E7007E7A65 /* Sources */,
				D0E3E74A2E0CB2E7007E7A65 /* Frameworks */,
				D0E3E74B2E0CB2E7007E7A65 /* Resources */,
			);
			buildRules = (
			);
			dependencies = (
			);
			fileSystemSynchronizedGroups = (
				D0E3E74F2E0CB2E7007E7A65 /* Far */,
			);
			name = Far;
			packageProductDependencies = (
			);
			productName = Far;
			productReference = D0E3E74D2E0CB2E7007E7A65 /* Far.app */;
			productType = "com.apple.product-type.application";
		};
		D0E3E7592E0CB2F1007E7A65 /* FarTests */ = {
			isa = PBXNativeTarget;
			buildConfigurationList = D0E3E7712E0CB2F1007E7A65 /* Build configuration list for PBXNativeTarget "FarTests" */;
			buildPhases = (
				D0E3E7562E0CB2F1007E7A65 /* Sources */,
				D0E3E7572E0CB2F1007E7A65 /* Frameworks */,
				D0E3E7582E0CB2F1007E7A65 /* Resources */,
			);
			buildRules = (
			);
			dependencies = (
				D0E3E75C2E0CB2F1007E7A65 /* PBXTargetDependency */,
			);
			fileSystemSynchronizedGroups = (
				D0E3E75D2E0CB2F1007E7A65 /* FarTests */,
			);
			name = FarTests;
			packageProductDependencies = (
			);
			productName = FarTests;
			productReference = D0E3E75A2E0CB2F1007E7A65 /* FarTests.xctest */;
			productType = "com.apple.product-type.bundle.unit-test";
		};
		D0E3E7632E0CB2F1007E7A65 /* FarUITests */ = {
			isa = PBXNativeTarget;
			buildConfigurationList = D0E3E7742E0CB2F1007E7A65 /* Build configuration list for PBXNativeTarget "FarUITests" */;
			buildPhases = (
				D0E3E7602E0CB2F1007E7A65 /* Sources */,
				D0E3E7612E0CB2F1007E7A65 /* Frameworks */,
				D0E3E7622E0CB2F1007E7A65 /* Resources */,
			);
			buildRules = (
			);
			dependencies = (
				D0E3E7662E0CB2F1007E7A65 /* PBXTargetDependency */,
			);
			fileSystemSynchronizedGroups = (
				D0E3E7672E0CB2F1007E7A65 /* FarUITests */,
			);
			name = FarUITests;
			packageProductDependencies = (
			);
			productName = FarUITests;
			productReference = D0E3E7642E0CB2F1007E7A65 /* FarUITests.xctest */;
			productType = "com.apple.product-type.bundle.ui-testing";
		};
/* End PBXNativeTarget section */

/* Begin PBXProject section */
		D0E3E7452E0CB2E7007E7A65 /* Project object */ = {
			isa = PBXProject;
			attributes = {
				BuildIndependentTargetsInParallel = 1;
				LastSwiftUpdateCheck = 1630;
				LastUpgradeCheck = 1630;
				TargetAttributes = {
					D0E3E74C2E0CB2E7007E7A65 = {
						CreatedOnToolsVersion = 16.3;
					};
					D0E3E7592E0CB2F1007E7A65 = {
						CreatedOnToolsVersion = 16.3;
						TestTargetID = D0E3E74C2E0CB2E7007E7A65;
					};
					D0E3E7632E0CB2F1007E7A65 = {
						CreatedOnToolsVersion = 16.3;
						TestTargetID = D0E3E74C2E0CB2E7007E7A65;
					};
				};
			};
			buildConfigurationList = D0E3E7482E0CB2E7007E7A65 /* Build configuration list for PBXProject "Far" */;
			developmentRegion = en;
			hasScannedForEncodings = 0;
			knownRegions = (
				en,
				Base,
			);
			mainGroup = D0E3E7442E0CB2E7007E7A65;
			minimizedProjectReferenceProxies = 1;
			preferredProjectObjectVersion = 77;
			productRefGroup = D0E3E74E2E0CB2E7007E7A65 /* Products */;
			projectDirPath = "";
			projectRoot = "";
			targets = (
				D0E3E74C2E0CB2E7007E7A65 /* Far */,
				D0E3E7592E0CB2F1007E7A65 /* FarTests */,
				D0E3E7632E0CB2F1007E7A65 /* FarUITests */,
			);
		};
/* End PBXProject section */

/* Begin PBXResourcesBuildPhase section */
		D0E3E74B2E0CB2E7007E7A65 /* Resources */ = {
			isa = PBXResourcesBuildPhase;
			buildActionMask = 2147483647;
			files = (
				D02962402E117A35005827CC /* .gitignore in Resources */,
			);
			runOnlyForDeploymentPostprocessing = 0;
		};
		D0E3E7582E0CB2F1007E7A65 /* Resources */ = {
			isa = PBXResourcesBuildPhase;
			buildActionMask = 2147483647;
			files = (
			);
			runOnlyForDeploymentPostprocessing = 0;
		};
		D0E3E7622E0CB2F1007E7A65 /* Resources */ = {
			isa = PBXResourcesBuildPhase;
			buildActionMask = 2147483647;
			files = (
			);
			runOnlyForDeploymentPostprocessing = 0;
		};
/* End PBXResourcesBuildPhase section */

/* Begin PBXSourcesBuildPhase section */
		D0E3E7492E0CB2E7007E7A65 /* Sources */ = {
			isa = PBXSourcesBuildPhase;
			buildActionMask = 2147483647;
			files = (
			);
			runOnlyForDeploymentPostprocessing = 0;
		};
		D0E3E7562E0CB2F1007E7A65 /* Sources */ = {
			isa = PBXSourcesBuildPhase;
			buildActionMask = 2147483647;
			files = (
			);
			runOnlyForDeploymentPostprocessing = 0;
		};
		D0E3E7602E0CB2F1007E7A65 /* Sources */ = {
			isa = PBXSourcesBuildPhase;
			buildActionMask = 2147483647;
			files = (
			);
			runOnlyForDeploymentPostprocessing = 0;
		};
/* End PBXSourcesBuildPhase section */

/* Begin PBXTargetDependency section */
		D0E3E75C2E0CB2F1007E7A65 /* PBXTargetDependency */ = {
			isa = PBXTargetDependency;
			target = D0E3E74C2E0CB2E7007E7A65 /* Far */;
			targetProxy = D0E3E75B2E0CB2F1007E7A65 /* PBXContainerItemProxy */;
		};
		D0E3E7662E0CB2F1007E7A65 /* PBXTargetDependency */ = {
			isa = PBXTargetDependency;
			target = D0E3E74C2E0CB2E7007E7A65 /* Far */;
			targetProxy = D0E3E7652E0CB2F1007E7A65 /* PBXContainerItemProxy */;
		};
/* End PBXTargetDependency section */

/* Begin XCBuildConfiguration section */
		D0E3E76C2E0CB2F1007E7A65 /* Debug */ = {
			isa = XCBuildConfiguration;
			buildSettings = {
				ALWAYS_SEARCH_USER_PATHS = NO;
				ASSETCATALOG_COMPILER_GENERATE_SWIFT_ASSET_SYMBOL_EXTENSIONS = YES;
				CLANG_ANALYZER_NONNULL = YES;
				CLANG_ANALYZER_NUMBER_OBJECT_CONVERSION = YES_AGGRESSIVE;
				CLANG_CXX_LANGUAGE_STANDARD = "gnu++20";
				CLANG_ENABLE_MODULES = YES;
				CLANG_ENABLE_OBJC_ARC = YES;
				CLANG_ENABLE_OBJC_WEAK = YES;
				CLANG_WARN_BLOCK_CAPTURE_AUTORELEASING = YES;
				CLANG_WARN_BOOL_CONVERSION = YES;
				CLANG_WARN_COMMA = YES;
				CLANG_WARN_CONSTANT_CONVERSION = YES;
				CLANG_WARN_DEPRECATED_OBJC_IMPLEMENTATIONS = YES;
				CLANG_WARN_DIRECT_OBJC_ISA_USAGE = YES_ERROR;
				CLANG_WARN_DOCUMENTATION_COMMENTS = YES;
				CLANG_WARN_EMPTY_BODY = YES;
				CLANG_WARN_ENUM_CONVERSION = YES;
				CLANG_WARN_INFINITE_RECURSION = YES;
				CLANG_WARN_INT_CONVERSION = YES;
				CLANG_WARN_NON_LITERAL_NULL_CONVERSION = YES;
				CLANG_WARN_OBJC_IMPLICIT_RETAIN_SELF = YES;
				CLANG_WARN_OBJC_LITERAL_CONVERSION = YES;
				CLANG_WARN_OBJC_ROOT_CLASS = YES_ERROR;
				CLANG_WARN_QUOTED_INCLUDE_IN_FRAMEWORK_HEADER = YES;
				CLANG_WARN_RANGE_LOOP_ANALYSIS = YES;
				CLANG_WARN_STRICT_PROTOTYPES = YES;
				CLANG_WARN_SUSPICIOUS_MOVE = YES;
				CLANG_WARN_UNGUARDED_AVAILABILITY = YES_AGGRESSIVE;
				CLANG_WARN_UNREACHABLE_CODE = YES;
				CLANG_WARN__DUPLICATE_METHOD_MATCH = YES;
				COPY_PHASE_STRIP = NO;
				DEBUG_INFORMATION_FORMAT = dwarf;
				DEVELOPMENT_TEAM = 77Q9QBZFEJ;
				ENABLE_STRICT_OBJC_MSGSEND = YES;
				ENABLE_TESTABILITY = YES;
				ENABLE_USER_SCRIPT_SANDBOXING = YES;
				GCC_C_LANGUAGE_STANDARD = gnu17;
				GCC_DYNAMIC_NO_PIC = NO;
				GCC_NO_COMMON_BLOCKS = YES;
				GCC_OPTIMIZATION_LEVEL = 0;
				GCC_PREPROCESSOR_DEFINITIONS = (
					"DEBUG=1",
					"$(inherited)",
				);
				GCC_WARN_64_TO_32_BIT_CONVERSION = YES;
				GCC_WARN_ABOUT_RETURN_TYPE = YES_ERROR;
				GCC_WARN_UNDECLARED_SELECTOR = YES;
				GCC_WARN_UNINITIALIZED_AUTOS = YES_AGGRESSIVE;
				GCC_WARN_UNUSED_FUNCTION = YES;
				GCC_WARN_UNUSED_VARIABLE = YES;
				IPHONEOS_DEPLOYMENT_TARGET = 18.4;
				LOCALIZATION_PREFERS_STRING_CATALOGS = YES;
				MTL_ENABLE_DEBUG_INFO = INCLUDE_SOURCE;
				MTL_FAST_MATH = YES;
				ONLY_ACTIVE_ARCH = YES;
				SDKROOT = iphoneos;
				SWIFT_ACTIVE_COMPILATION_CONDITIONS = "DEBUG $(inherited)";
				SWIFT_OPTIMIZATION_LEVEL = "-Onone";
			};
			name = Debug;
		};
		D0E3E76D2E0CB2F1007E7A65 /* Release */ = {
			isa = XCBuildConfiguration;
			buildSettings = {
				ALWAYS_SEARCH_USER_PATHS = NO;
				ASSETCATALOG_COMPILER_GENERATE_SWIFT_ASSET_SYMBOL_EXTENSIONS = YES;
				CLANG_ANALYZER_NONNULL = YES;
				CLANG_ANALYZER_NUMBER_OBJECT_CONVERSION = YES_AGGRESSIVE;
				CLANG_CXX_LANGUAGE_STANDARD = "gnu++20";
				CLANG_ENABLE_MODULES = YES;
				CLANG_ENABLE_OBJC_ARC = YES;
				CLANG_ENABLE_OBJC_WEAK = YES;
				CLANG_WARN_BLOCK_CAPTURE_AUTORELEASING = YES;
				CLANG_WARN_BOOL_CONVERSION = YES;
				CLANG_WARN_COMMA = YES;
				CLANG_WARN_CONSTANT_CONVERSION = YES;
				CLANG_WARN_DEPRECATED_OBJC_IMPLEMENTATIONS = YES;
				CLANG_WARN_DIRECT_OBJC_ISA_USAGE = YES_ERROR;
				CLANG_WARN_DOCUMENTATION_COMMENTS = YES;
				CLANG_WARN_EMPTY_BODY = YES;
				CLANG_WARN_ENUM_CONVERSION = YES;
				CLANG_WARN_INFINITE_RECURSION = YES;
				CLANG_WARN_INT_CONVERSION = YES;
				CLANG_WARN_NON_LITERAL_NULL_CONVERSION = YES;
				CLANG_WARN_OBJC_IMPLICIT_RETAIN_SELF = YES;
				CLANG_WARN_OBJC_LITERAL_CONVERSION = YES;
				CLANG_WARN_OBJC_ROOT_CLASS = YES_ERROR;
				CLANG_WARN_QUOTED_INCLUDE_IN_FRAMEWORK_HEADER = YES;
				CLANG_WARN_RANGE_LOOP_ANALYSIS = YES;
				CLANG_WARN_STRICT_PROTOTYPES = YES;
				CLANG_WARN_SUSPICIOUS_MOVE = YES;
				CLANG_WARN_UNGUARDED_AVAILABILITY = YES_AGGRESSIVE;
				CLANG_WARN_UNREACHABLE_CODE = YES;
				CLANG_WARN__DUPLICATE_METHOD_MATCH = YES;
				COPY_PHASE_STRIP = NO;
				DEBUG_INFORMATION_FORMAT = "dwarf-with-dsym";
				DEVELOPMENT_TEAM = 77Q9QBZFEJ;
				ENABLE_NS_ASSERTIONS = NO;
				ENABLE_STRICT_OBJC_MSGSEND = YES;
				ENABLE_USER_SCRIPT_SANDBOXING = YES;
				GCC_C_LANGUAGE_STANDARD = gnu17;
				GCC_NO_COMMON_BLOCKS = YES;
				GCC_WARN_64_TO_32_BIT_CONVERSION = YES;
				GCC_WARN_ABOUT_RETURN_TYPE = YES_ERROR;
				GCC_WARN_UNDECLARED_SELECTOR = YES;
				GCC_WARN_UNINITIALIZED_AUTOS = YES_AGGRESSIVE;
				GCC_WARN_UNUSED_FUNCTION = YES;
				GCC_WARN_UNUSED_VARIABLE = YES;
				IPHONEOS_DEPLOYMENT_TARGET = 18.4;
				LOCALIZATION_PREFERS_STRING_CATALOGS = YES;
				MTL_ENABLE_DEBUG_INFO = NO;
				MTL_FAST_MATH = YES;
				SDKROOT = iphoneos;
				SWIFT_COMPILATION_MODE = wholemodule;
				VALIDATE_PRODUCT = YES;
			};
			name = Release;
		};
		D0E3E76F2E0CB2F1007E7A65 /* Debug */ = {
			isa = XCBuildConfiguration;
			buildSettings = {
				ASSETCATALOG_COMPILER_APPICON_NAME = AppIcon;
				ASSETCATALOG_COMPILER_GLOBAL_ACCENT_COLOR_NAME = AccentColor;
				CODE_SIGN_STYLE = Automatic;
				CURRENT_PROJECT_VERSION = 1;
				DEVELOPMENT_TEAM = 77Q9QBZFEJ;
				ENABLE_PREVIEWS = YES;
				GENERATE_INFOPLIST_FILE = YES;
				INFOPLIST_FILE = Far/Info.plist;
				INFOPLIST_KEY_LSApplicationCategoryType = "";
				INFOPLIST_KEY_NSCameraUsageDescription = "Far needs camera access to capture photos of your adventures";
				INFOPLIST_KEY_NSLocationWhenInUseUsageDescription = "Far uses your location to discover new adventures when you visit new places";
				INFOPLIST_KEY_NSPhotoLibraryUsageDescription = "Far needs photo library access to add existing photos to your adventures";
				INFOPLIST_KEY_UIApplicationSceneManifest_Generation = YES;
				INFOPLIST_KEY_UIApplicationSupportsIndirectInputEvents = YES;
				INFOPLIST_KEY_UILaunchScreen_Generation = YES;
				INFOPLIST_KEY_UISupportedInterfaceOrientations_iPad = "UIInterfaceOrientationPortrait UIInterfaceOrientationPortraitUpsideDown UIInterfaceOrientationLandscapeLeft UIInterfaceOrientationLandscapeRight";
				INFOPLIST_KEY_UISupportedInterfaceOrientations_iPhone = "UIInterfaceOrientationPortrait UIInterfaceOrientationLandscapeLeft UIInterfaceOrientationLandscapeRight";
				LD_RUNPATH_SEARCH_PATHS = (
					"$(inherited)",
					"@executable_path/Frameworks",
				);
				MARKETING_VERSION = 1.0;
				PRODUCT_BUNDLE_IDENTIFIER = com.austinburgess.Far;
				PRODUCT_NAME = "$(TARGET_NAME)";
				SWIFT_EMIT_LOC_STRINGS = YES;
				SWIFT_VERSION = 5.0;
				TARGETED_DEVICE_FAMILY = "1,2";
			};
			name = Debug;
		};
		D0E3E7702E0CB2F1007E7A65 /* Release */ = {
			isa = XCBuildConfiguration;
			buildSettings = {
				ASSETCATALOG_COMPILER_APPICON_NAME = AppIcon;
				ASSETCATALOG_COMPILER_GLOBAL_ACCENT_COLOR_NAME = AccentColor;
				CODE_SIGN_STYLE = Automatic;
				CURRENT_PROJECT_VERSION = 1;
				DEVELOPMENT_TEAM = 77Q9QBZFEJ;
				ENABLE_PREVIEWS = YES;
				GENERATE_INFOPLIST_FILE = YES;
				INFOPLIST_FILE = Far/Info.plist;
				INFOPLIST_KEY_LSApplicationCategoryType = "";
				INFOPLIST_KEY_NSCameraUsageDescription = "Far needs camera access to capture photos of your adventures";
				INFOPLIST_KEY_NSLocationWhenInUseUsageDescription = "Far uses your location to discover new adventures when you visit new places";
				INFOPLIST_KEY_NSPhotoLibraryUsageDescription = "Far needs photo library access to add existing photos to your adventures";
				INFOPLIST_KEY_UIApplicationSceneManifest_Generation = YES;
				INFOPLIST_KEY_UIApplicationSupportsIndirectInputEvents = YES;
				INFOPLIST_KEY_UILaunchScreen_Generation = YES;
				INFOPLIST_KEY_UISupportedInterfaceOrientations_iPad = "UIInterfaceOrientationPortrait UIInterfaceOrientationPortraitUpsideDown UIInterfaceOrientationLandscapeLeft UIInterfaceOrientationLandscapeRight";
				INFOPLIST_KEY_UISupportedInterfaceOrientations_iPhone = "UIInterfaceOrientationPortrait UIInterfaceOrientationLandscapeLeft UIInterfaceOrientationLandscapeRight";
				LD_RUNPATH_SEARCH_PATHS = (
					"$(inherited)",
					"@executable_path/Frameworks",
				);
				MARKETING_VERSION = 1.0;
				PRODUCT_BUNDLE_IDENTIFIER = com.austinburgess.Far;
				PRODUCT_NAME = "$(TARGET_NAME)";
				SWIFT_EMIT_LOC_STRINGS = YES;
				SWIFT_VERSION = 5.0;
				TARGETED_DEVICE_FAMILY = "1,2";
			};
			name = Release;
		};
		D0E3E7722E0CB2F1007E7A65 /* Debug */ = {
			isa = XCBuildConfiguration;
			buildSettings = {
				BUNDLE_LOADER = "$(TEST_HOST)";
				CODE_SIGN_STYLE = Automatic;
				CURRENT_PROJECT_VERSION = 1;
				DEVELOPMENT_TEAM = 77Q9QBZFEJ;
				GENERATE_INFOPLIST_FILE = YES;
				IPHONEOS_DEPLOYMENT_TARGET = 18.4;
				MARKETING_VERSION = 1.0;
				PRODUCT_BUNDLE_IDENTIFIER = com.austinburgess.FarTests;
				PRODUCT_NAME = "$(TARGET_NAME)";
				SWIFT_EMIT_LOC_STRINGS = NO;
				SWIFT_VERSION = 5.0;
				TARGETED_DEVICE_FAMILY = "1,2";
				TEST_HOST = "$(BUILT_PRODUCTS_DIR)/Far.app/$(BUNDLE_EXECUTABLE_FOLDER_PATH)/Far";
			};
			name = Debug;
		};
		D0E3E7732E0CB2F1007E7A65 /* Release */ = {
			isa = XCBuildConfiguration;
			buildSettings = {
				BUNDLE_LOADER = "$(TEST_HOST)";
				CODE_SIGN_STYLE = Automatic;
				CURRENT_PROJECT_VERSION = 1;
				DEVELOPMENT_TEAM = 77Q9QBZFEJ;
				GENERATE_INFOPLIST_FILE = YES;
				IPHONEOS_DEPLOYMENT_TARGET = 18.4;
				MARKETING_VERSION = 1.0;
				PRODUCT_BUNDLE_IDENTIFIER = com.austinburgess.FarTests;
				PRODUCT_NAME = "$(TARGET_NAME)";
				SWIFT_EMIT_LOC_STRINGS = NO;
				SWIFT_VERSION = 5.0;
				TARGETED_DEVICE_FAMILY = "1,2";
				TEST_HOST = "$(BUILT_PRODUCTS_DIR)/Far.app/$(BUNDLE_EXECUTABLE_FOLDER_PATH)/Far";
			};
			name = Release;
		};
		D0E3E7752E0CB2F1007E7A65 /* Debug */ = {
			isa = XCBuildConfiguration;
			buildSettings = {
				CODE_SIGN_STYLE = Automatic;
				CURRENT_PROJECT_VERSION = 1;
				DEVELOPMENT_TEAM = 77Q9QBZFEJ;
				GENERATE_INFOPLIST_FILE = YES;
				MARKETING_VERSION = 1.0;
				PRODUCT_BUNDLE_IDENTIFIER = com.austinburgess.FarUITests;
				PRODUCT_NAME = "$(TARGET_NAME)";
				SWIFT_EMIT_LOC_STRINGS = NO;
				SWIFT_VERSION = 5.0;
				TARGETED_DEVICE_FAMILY = "1,2";
				TEST_TARGET_NAME = Far;
			};
			name = Debug;
		};
		D0E3E7762E0CB2F1007E7A65 /* Release */ = {
			isa = XCBuildConfiguration;
			buildSettings = {
				CODE_SIGN_STYLE = Automatic;
				CURRENT_PROJECT_VERSION = 1;
				DEVELOPMENT_TEAM = 77Q9QBZFEJ;
				GENERATE_INFOPLIST_FILE = YES;
				MARKETING_VERSION = 1.0;
				PRODUCT_BUNDLE_IDENTIFIER = com.austinburgess.FarUITests;
				PRODUCT_NAME = "$(TARGET_NAME)";
				SWIFT_EMIT_LOC_STRINGS = NO;
				SWIFT_VERSION = 5.0;
				TARGETED_DEVICE_FAMILY = "1,2";
				TEST_TARGET_NAME = Far;
			};
			name = Release;
		};
/* End XCBuildConfiguration section */

/* Begin XCConfigurationList section */
		D0E3E7482E0CB2E7007E7A65 /* Build configuration list for PBXProject "Far" */ = {
			isa = XCConfigurationList;
			buildConfigurations = (
				D0E3E76C2E0CB2F1007E7A65 /* Debug */,
				D0E3E76D2E0CB2F1007E7A65 /* Release */,
			);
			defaultConfigurationIsVisible = 0;
			defaultConfigurationName = Release;
		};
		D0E3E76E2E0CB2F1007E7A65 /* Build configuration list for PBXNativeTarget "Far" */ = {
			isa = XCConfigurationList;
			buildConfigurations = (
				D0E3E76F2E0CB2F1007E7A65 /* Debug */,
				D0E3E7702E0CB2F1007E7A65 /* Release */,
			);
			defaultConfigurationIsVisible = 0;
			defaultConfigurationName = Release;
		};
		D0E3E7712E0CB2F1007E7A65 /* Build configuration list for PBXNativeTarget "FarTests" */ = {
			isa = XCConfigurationList;
			buildConfigurations = (
				D0E3E7722E0CB2F1007E7A65 /* Debug */,
				D0E3E7732E0CB2F1007E7A65 /* Release */,
			);
			defaultConfigurationIsVisible = 0;
			defaultConfigurationName = Release;
		};
		D0E3E7742E0CB2F1007E7A65 /* Build configuration list for PBXNativeTarget "FarUITests" */ = {
			isa = XCConfigurationList;
			buildConfigurations = (
				D0E3E7752E0CB2F1007E7A65 /* Debug */,
				D0E3E7762E0CB2F1007E7A65 /* Release */,
			);
			defaultConfigurationIsVisible = 0;
			defaultConfigurationName = Release;
		};
/* End XCConfigurationList section */
	};
	rootObject = D0E3E7452E0CB2E7007E7A65 /* Project object */;
}
